
Microsoft Visual Studio Solution File, Format Version 12.00
# Visual Studio Version 17
VisualStudioVersion = 17.2.32505.173
MinimumVisualStudioVersion = 10.0.40219.1
Project("{FAE04EC0-301F-11D3-BF4B-00C04F79EFBC}") = "wpfnovo", "wpfnovo\wpfnovo.csproj", "{CBD21B5F-8AC7-4154-9E1D-DF56EF2A50FC}"
EndProject
Global
	GlobalSection(SolutionConfigurationPlatforms) = preSolution
		Debug|Any CPU = Debug|Any CPU
		Release|Any CPU = Release|Any CPU
	EndGlobalSection
	GlobalSection(ProjectConfigurationPlatforms) = postSolution
		{CBD21B5F-8AC7-4154-9E1D-DF56EF2A50FC}.Debug|Any CPU.ActiveCfg = Debug|Any CPU
		{CBD21B5F-8AC7-4154-9E1D-DF56EF2A50FC}.Debug|Any CPU.Build.0 = Debug|Any CPU
		{CBD21B5F-8AC7-4154-9E1D-DF56EF2A50FC}.Release|Any CPU.ActiveCfg = Release|Any CPU
		{CBD21B5F-8AC7-4154-9E1D-DF56EF2A50FC}.Release|Any CPU.Build.0 = Release|Any CPU
	EndGlobalSection
	GlobalSection(SolutionProperties) = preSolution
		HideSolutionNode = FALSE
	EndGlobalSection
	GlobalSection(ExtensibilityGlobals) = postSolution
		SolutionGuid = {A921C090-CA16-493E-8413-BB5300BAFEE2}
	EndGlobalSection
EndGlobal
